// !$*UTF8*$!
{
	archiveVersion = 1;
	classes = {
	};
	objectVersion = 46;
	objects = {

/* Begin PBXBuildFile section */
		D88D527C1DBAED8400ED0974 /* AppDelegate.swift in Sources */ = {isa = PBXBuildFile; fileRef = D88D527B1DBAED8400ED0974 /* AppDelegate.swift */; };
		D88D527E1DBAED8400ED0974 /* ViewController.swift in Sources */ = {isa = PBXBuildFile; fileRef = D88D527D1DBAED8400ED0974 /* ViewController.swift */; };
		D88D52811DBAED8400ED0974 /* Main.storyboard in Resources */ = {isa = PBXBuildFile; fileRef = D88D527F1DBAED8400ED0974 /* Main.storyboard */; };
		D88D52831DBAED8400ED0974 /* Assets.xcassets in Resources */ = {isa = PBXBuildFile; fileRef = D88D52821DBAED8400ED0974 /* Assets.xcassets */; };
		D88D52861DBAED8400ED0974 /* LaunchScreen.storyboard in Resources */ = {isa = PBXBuildFile; fileRef = D88D52841DBAED8400ED0974 /* LaunchScreen.storyboard */; };
/* End PBXBuildFile section */

/* Begin PBXFileReference section */
		D88D52781DBAED8400ED0974 /* Deep Sense.app */ = {isa = PBXFileReference; explicitFileType = wrapper.application; includeInIndex = 0; path = "Deep Sense.app"; sourceTree = BUILT_PRODUCTS_DIR; };
		D88D527B1DBAED8400ED0974 /* AppDelegate.swift */ = {isa = PBXFileReference; lastKnownFileType = sourcecode.swift; path = AppDelegate.swift; sourceTree = "<group>"; };
		D88D527D1DBAED8400ED0974 /* ViewController.swift */ = {isa = PBXFileReference; lastKnownFileType = sourcecode.swift; path = ViewController.swift; sourceTree = "<group>"; };
		D88D52801DBAED8400ED0974 /* Base */ = {isa = PBXFileReference; lastKnownFileType = file.storyboard; name = Base; path = Base.lproj/Main.storyboard; sourceTree = "<group>"; };
		D88D52821DBAED8400ED0974 /* Assets.xcassets */ = {isa = PBXFileReference; lastKnownFileType = folder.assetcatalog; path = Assets.xcassets; sourceTree = "<group>"; };
		D88D52851DBAED8400ED0974 /* Base */ = {isa = PBXFileReference; lastKnownFileType = file.storyboard; name = Base; path = Base.lproj/LaunchScreen.storyboard; sourceTree = "<group>"; };
		D88D52871DBAED8400ED0974 /* Info.plist */ = {isa = PBXFileReference; lastKnownFileType = text.plist.xml; path = Info.plist; sourceTree = "<group>"; };
/* End PBXFileReference section */

/* Begin PBXFrameworksBuildPhase section */
		D88D52751DBAED8400ED0974 /* Frameworks */ = {
			isa = PBXFrameworksBuildPhase;
			buildActionMask = 2147483647;
			files = (
			);
			runOnlyForDeploymentPostprocessing = 0;
		};
/* End PBXFrameworksBuildPhase section */

/* Begin PBXGroup section */
		D88D526F1DBAED8400ED0974 = {
			isa = PBXGroup;
			children = (
				D88D527A1DBAED8400ED0974 /* Deep Sense */,
				D88D52791DBAED8400ED0974 /* Products */,
			);
			sourceTree = "<group>";
		};
		D88D52791DBAED8400ED0974 /* Products */ = {
			isa = PBXGroup;
			children = (
				D88D52781DBAED8400ED0974 /* Deep Sense.app */,
			);
			name = Products;
			sourceTree = "<group>";
		};
		D88D527A1DBAED8400ED0974 /* Deep Sense */ = {
			isa = PBXGroup;
			children = (
				D88D527B1DBAED8400ED0974 /* AppDelegate.swift */,
				D88D527D1DBAED8400ED0974 /* ViewController.swift */,
				D88D527F1DBAED8400ED0974 /* Main.storyboard */,
				D88D52821DBAED8400ED0974 /* Assets.xcassets */,
				D88D52841DBAED8400ED0974 /* LaunchScreen.storyboard */,
				D88D52871DBAED8400ED0974 /* Info.plist */,
			);
			path = "Deep Sense";
			sourceTree = "<group>";
		};
/* End PBXGroup section */

/* Begin PBXNativeTarget section */
		D88D52771DBAED8400ED0974 /* Deep Sense */ = {
			isa = PBXNativeTarget;
			buildConfigurationList = D88D528A1DBAED8400ED0974 /* Build configuration list for PBXNativeTarget "Deep Sense" */;
			buildPhases = (
				D88D52741DBAED8400ED0974 /* Sources */,
				D88D52751DBAED8400ED0974 /* Frameworks */,
				D88D52761DBAED8400ED0974 /* Resources */,
			);
			buildRules = (
			);
			dependencies = (
			);
			name = "Deep Sense";
			productName = "Deep Sense";
			productReference = D88D52781DBAED8400ED0974 /* Deep Sense.app */;
			productType = "com.apple.product-type.application";
		};
/* End PBXNativeTarget section */

/* Begin PBXProject section */
		D88D52701DBAED8400ED0974 /* Project object */ = {
			isa = PBXProject;
			attributes = {
				LastSwiftUpdateCheck = 0800;
				LastUpgradeCheck = 0800;
				ORGANIZATIONNAME = fvergara;
				TargetAttributes = {
					D88D52771DBAED8400ED0974 = {
						CreatedOnToolsVersion = 8.0;
						DevelopmentTeam = DZ2LJDS532;
						ProvisioningStyle = Automatic;
					};
				};
			};
			buildConfigurationList = D88D52731DBAED8400ED0974 /* Build configuration list for PBXProject "Deep Sense" */;
			compatibilityVersion = "Xcode 3.2";
			developmentRegion = English;
			hasScannedForEncodings = 0;
			knownRegions = (
				en,
				Base,
			);
			mainGroup = D88D526F1DBAED8400ED0974;
			productRefGroup = D88D52791DBAED8400ED0974 /* Products */;
			projectDirPath = "";
			projectRoot = "";
			targets = (
				D88D52771DBAED8400ED0974 /* Deep Sense */,
			);
		};
/* End PBXProject section */

/* Begin PBXResourcesBuildPhase section */
		D88D52761DBAED8400ED0974 /* Resources */ = {
			isa = PBXResourcesBuildPhase;
			buildActionMask = 2147483647;
			files = (
				D88D52861DBAED8400ED0974 /* LaunchScreen.storyboard in Resources */,
				D88D52831DBAED8400ED0974 /* Assets.xcassets in Resources */,
				D88D52811DBAED8400ED0974 /* Main.storyboard in Resources */,
			);
			runOnlyForDeploymentPostprocessing = 0;
		};
/* End PBXResourcesBuildPhase section */

/* Begin PBXSourcesBuildPhase section */
		D88D52741DBAED8400ED0974 /* Sources */ = {
			isa = PBXSourcesBuildPhase;
			buildActionMask = 2147483647;
			files = (
				D88D527E1DBAED8400ED0974 /* ViewController.swift in Sources */,
				D88D527C1DBAED8400ED0974 /* AppDelegate.swift in Sources */,
			);
			runOnlyForDeploymentPostprocessing = 0;
		};
/* End PBXSourcesBuildPhase section */

/* Begin PBXVariantGroup section */
		D88D527F1DBAED8400ED0974 /* Main.storyboard */ = {
			isa = PBXVariantGroup;
			children = (
				D88D52801DBAED8400ED0974 /* Base */,
			);
			name = Main.storyboard;
			sourceTree = "<group>";
		};
		D88D52841DBAED8400ED0974 /* LaunchScreen.storyboard */ = {
			isa = PBXVariantGroup;
			children = (
				D88D52851DBAED8400ED0974 /* Base */,
			);
			name = LaunchScreen.storyboard;
			sourceTree = "<group>";
		};
/* End PBXVariantGroup section */

/* Begin XCBuildConfiguration section */
		D88D52881DBAED8400ED0974 /* Debug */ = {
			isa = XCBuildConfiguration;
			buildSettings = {
				ALWAYS_SEARCH_USER_PATHS = NO;
				CLANG_ANALYZER_NONNULL = YES;
				CLANG_CXX_LANGUAGE_STANDARD = "gnu++0x";
				CLANG_CXX_LIBRARY = "libc++";
				CLANG_ENABLE_MODULES = YES;
				CLANG_ENABLE_OBJC_ARC = YES;
				CLANG_WARN_BOOL_CONVERSION = YES;
				CLANG_WARN_CONSTANT_CONVERSION = YES;
				CLANG_WARN_DIRECT_OBJC_ISA_USAGE = YES_ERROR;
				CLANG_WARN_DOCUMENTATION_COMMENTS = YES;
				CLANG_WARN_EMPTY_BODY = YES;
				CLANG_WARN_ENUM_CONVERSION = YES;
				CLANG_WARN_INFINITE_RECURSION = YES;
				CLANG_WARN_INT_CONVERSION = YES;
				CLANG_WARN_OBJC_ROOT_CLASS = YES_ERROR;
				CLANG_WARN_SUSPICIOUS_MOVES = YES;
				CLANG_WARN_UNREACHABLE_CODE = YES;
				CLANG_WARN__DUPLICATE_METHOD_MATCH = YES;
				"CODE_SIGN_IDENTITY[sdk=iphoneos*]" = "iPhone Developer";
				COPY_PHASE_STRIP = NO;
				DEBUG_INFORMATION_FORMAT = dwarf;
				ENABLE_STRICT_OBJC_MSGSEND = YES;
				ENABLE_TESTABILITY = YES;
				GCC_C_LANGUAGE_STANDARD = gnu99;
				GCC_DYNAMIC_NO_PIC = NO;
				GCC_NO_COMMON_BLOCKS = YES;
				GCC_OPTIMIZATION_LEVEL = 0;
				GCC_PREPROCESSOR_DEFINITIONS = (
					"DEBUG=1",
					"$(inherited)",
				);
				GCC_WARN_64_TO_32_BIT_CONVERSION = YES;
				GCC_WARN_ABOUT_RETURN_TYPE = YES_ERROR;
				GCC_WARN_UNDECLARED_SELECTOR = YES;
				GCC_WARN_UNINITIALIZED_AUTOS = YES_AGGRESSIVE;
				GCC_WARN_UNUSED_FUNCTION = YES;
				GCC_WARN_UNUSED_VARIABLE = YES;
				IPHONEOS_DEPLOYMENT_TARGET = 10.0;
				MTL_ENABLE_DEBUG_INFO = YES;
				ONLY_ACTIVE_ARCH = YES;
				SDKROOT = iphoneos;
				SWIFT_ACTIVE_COMPILATION_CONDITIONS = DEBUG;
				SWIFT_OPTIMIZATION_LEVEL = "-Onone";
			};
			name = Debug;
		};
		D88D52891DBAED8400ED0974 /* Release */ = {
			isa = XCBuildConfiguration;
			buildSettings = {
				ALWAYS_SEARCH_USER_PATHS = NO;
				CLANG_ANALYZER_NONNULL = YES;
				CLANG_CXX_LANGUAGE_STANDARD = "gnu++0x";
				CLANG_CXX_LIBRARY = "libc++";
				CLANG_ENABLE_MODULES = YES;
				CLANG_ENABLE_OBJC_ARC = YES;
				CLANG_WARN_BOOL_CONVERSION = YES;
				CLANG_WARN_CONSTANT_CONVERSION = YES;
				CLANG_WARN_DIRECT_OBJC_ISA_USAGE = YES_ERROR;
				CLANG_WARN_DOCUMENTATION_COMMENTS = YES;
				CLANG_WARN_EMPTY_BODY = YES;
				CLANG_WARN_ENUM_CONVERSION = YES;
				CLANG_WARN_INFINITE_RECURSION = YES;
				CLANG_WARN_INT_CONVERSION = YES;
				CLANG_WARN_OBJC_ROOT_CLASS = YES_ERROR;
				CLANG_WARN_SUSPICIOUS_MOVES = YES;
				CLANG_WARN_UNREACHABLE_CODE = YES;
				CLANG_WARN__DUPLICATE_METHOD_MATCH = YES;
				"CODE_SIGN_IDENTITY[sdk=iphoneos*]" = "iPhone Developer";
				COPY_PHASE_STRIP = NO;
				DEBUG_INFORMATION_FORMAT = "dwarf-with-dsym";
				ENABLE_NS_ASSERTIONS = NO;
				ENABLE_STRICT_OBJC_MSGSEND = YES;
				GCC_C_LANGUAGE_STANDARD = gnu99;
				GCC_NO_COMMON_BLOCKS = YES;
				GCC_WARN_64_TO_32_BIT_CONVERSION = YES;
				GCC_WARN_ABOUT_RETURN_TYPE = YES_ERROR;
				GCC_WARN_UNDECLARED_SELECTOR = YES;
				GCC_WARN_UNINITIALIZED_AUTOS = YES_AGGRESSIVE;
				GCC_WARN_UNUSED_FUNCTION = YES;
				GCC_WARN_UNUSED_VARIABLE = YES;
				IPHONEOS_DEPLOYMENT_TARGET = 10.0;
				MTL_ENABLE_DEBUG_INFO = NO;
				SDKROOT = iphoneos;
				SWIFT_OPTIMIZATION_LEVEL = "-Owholemodule";
				VALIDATE_PRODUCT = YES;
			};
			name = Release;
		};
		D88D528B1DBAED8400ED0974 /* Debug */ = {
			isa = XCBuildConfiguration;
			buildSettings = {
				ASSETCATALOG_COMPILER_APPICON_NAME = AppIcon;
				DEVELOPMENT_TEAM = DZ2LJDS532;
				INFOPLIST_FILE = "Deep Sense/Info.plist";
				LD_RUNPATH_SEARCH_PATHS = "$(inherited) @executable_path/Frameworks";
				PRODUCT_BUNDLE_IDENTIFIER = "com.fvergara.Deep-Sense";
				PRODUCT_NAME = "$(TARGET_NAME)";
				SWIFT_VERSION = 3.0;
			};
			name = Debug;
		};
		D88D528C1DBAED8400ED0974 /* Release */ = {
			isa = XCBuildConfiguration;
			buildSettings = {
				ASSETCATALOG_COMPILER_APPICON_NAME = AppIcon;
				DEVELOPMENT_TEAM = DZ2LJDS532;
				INFOPLIST_FILE = "Deep Sense/Info.plist";
				LD_RUNPATH_SEARCH_PATHS = "$(inherited) @executable_path/Frameworks";
				PRODUCT_BUNDLE_IDENTIFIER = "com.fvergara.Deep-Sense";
				PRODUCT_NAME = "$(TARGET_NAME)";
				SWIFT_VERSION = 3.0;
			};
			name = Release;
		};
/* End XCBuildConfiguration section */

/* Begin XCConfigurationList section */
		D88D52731DBAED8400ED0974 /* Build configuration list for PBXProject "Deep Sense" */ = {
			isa = XCConfigurationList;
			buildConfigurations = (
				D88D52881DBAED8400ED0974 /* Debug */,
				D88D52891DBAED8400ED0974 /* Release */,
			);
			defaultConfigurationIsVisible = 0;
			defaultConfigurationName = Release;
		};
		D88D528A1DBAED8400ED0974 /* Build configuration list for PBXNativeTarget "Deep Sense" */ = {
			isa = XCConfigurationList;
			buildConfigurations = (
				D88D528B1DBAED8400ED0974 /* Debug */,
				D88D528C1DBAED8400ED0974 /* Release */,
			);
			defaultConfigurationIsVisible = 0;
		};
/* End XCConfigurationList section */
	};
	rootObject = D88D52701DBAED8400ED0974 /* Project object */;
}
