// !$*UTF8*$!
{
	archiveVersion = 1;
	classes = {
	};
	objectVersion = 46;
	objects = {

/* Begin PBXBuildFile section */
		5B63E8BD7475E9B283621B17 /* Pods_Deep_Sense.framework in Frameworks */ = {isa = PBXBuildFile; fileRef = 581E10EBEFAFD14C3B583A20 /* Pods_Deep_Sense.framework */; };
		D85254801DBB5D3300E2684D /* john.mid in Resources */ = {isa = PBXBuildFile; fileRef = D852547F1DBB5D3300E2684D /* john.mid */; };
		D85254841DBB639D00E2684D /* gs_instruments.dls in Resources */ = {isa = PBXBuildFile; fileRef = D85254831DBB639D00E2684D /* gs_instruments.dls */; };
		D86375F41DBB9DD400FC6178 /* SocketAckEmitter.swift in Sources */ = {isa = PBXBuildFile; fileRef = D86375DC1DBB9DD400FC6178 /* SocketAckEmitter.swift */; };
		D86375F51DBB9DD400FC6178 /* SocketAckManager.swift in Sources */ = {isa = PBXBuildFile; fileRef = D86375DD1DBB9DD400FC6178 /* SocketAckManager.swift */; };
		D86375F61DBB9DD400FC6178 /* SocketAnyEvent.swift in Sources */ = {isa = PBXBuildFile; fileRef = D86375DE1DBB9DD400FC6178 /* SocketAnyEvent.swift */; };
		D86375F71DBB9DD400FC6178 /* SocketClientManager.swift in Sources */ = {isa = PBXBuildFile; fileRef = D86375DF1DBB9DD400FC6178 /* SocketClientManager.swift */; };
		D86375F81DBB9DD400FC6178 /* SocketEngine.swift in Sources */ = {isa = PBXBuildFile; fileRef = D86375E01DBB9DD400FC6178 /* SocketEngine.swift */; };
		D86375F91DBB9DD400FC6178 /* SocketEngineClient.swift in Sources */ = {isa = PBXBuildFile; fileRef = D86375E11DBB9DD400FC6178 /* SocketEngineClient.swift */; };
		D86375FA1DBB9DD400FC6178 /* SocketEnginePacketType.swift in Sources */ = {isa = PBXBuildFile; fileRef = D86375E21DBB9DD400FC6178 /* SocketEnginePacketType.swift */; };
		D86375FB1DBB9DD400FC6178 /* SocketEnginePollable.swift in Sources */ = {isa = PBXBuildFile; fileRef = D86375E31DBB9DD400FC6178 /* SocketEnginePollable.swift */; };
		D86375FC1DBB9DD400FC6178 /* SocketEngineSpec.swift in Sources */ = {isa = PBXBuildFile; fileRef = D86375E41DBB9DD400FC6178 /* SocketEngineSpec.swift */; };
		D86375FD1DBB9DD400FC6178 /* SocketEngineWebsocket.swift in Sources */ = {isa = PBXBuildFile; fileRef = D86375E51DBB9DD400FC6178 /* SocketEngineWebsocket.swift */; };
		D86375FE1DBB9DD400FC6178 /* SocketEventHandler.swift in Sources */ = {isa = PBXBuildFile; fileRef = D86375E61DBB9DD400FC6178 /* SocketEventHandler.swift */; };
		D86375FF1DBB9DD400FC6178 /* SocketExtensions.swift in Sources */ = {isa = PBXBuildFile; fileRef = D86375E71DBB9DD400FC6178 /* SocketExtensions.swift */; };
		D86376001DBB9DD400FC6178 /* SocketIOClient.swift in Sources */ = {isa = PBXBuildFile; fileRef = D86375E81DBB9DD400FC6178 /* SocketIOClient.swift */; };
		D86376011DBB9DD400FC6178 /* SocketIOClientConfiguration.swift in Sources */ = {isa = PBXBuildFile; fileRef = D86375E91DBB9DD400FC6178 /* SocketIOClientConfiguration.swift */; };
		D86376021DBB9DD400FC6178 /* SocketIOClientOption.swift in Sources */ = {isa = PBXBuildFile; fileRef = D86375EA1DBB9DD400FC6178 /* SocketIOClientOption.swift */; };
		D86376031DBB9DD400FC6178 /* SocketIOClientSpec.swift in Sources */ = {isa = PBXBuildFile; fileRef = D86375EB1DBB9DD400FC6178 /* SocketIOClientSpec.swift */; };
		D86376041DBB9DD400FC6178 /* SocketIOClientStatus.swift in Sources */ = {isa = PBXBuildFile; fileRef = D86375EC1DBB9DD400FC6178 /* SocketIOClientStatus.swift */; };
		D86376051DBB9DD400FC6178 /* SocketLogger.swift in Sources */ = {isa = PBXBuildFile; fileRef = D86375ED1DBB9DD400FC6178 /* SocketLogger.swift */; };
		D86376061DBB9DD400FC6178 /* SocketPacket.swift in Sources */ = {isa = PBXBuildFile; fileRef = D86375EE1DBB9DD400FC6178 /* SocketPacket.swift */; };
		D86376071DBB9DD400FC6178 /* SocketParsable.swift in Sources */ = {isa = PBXBuildFile; fileRef = D86375EF1DBB9DD400FC6178 /* SocketParsable.swift */; };
		D86376081DBB9DD400FC6178 /* SocketStringReader.swift in Sources */ = {isa = PBXBuildFile; fileRef = D86375F01DBB9DD400FC6178 /* SocketStringReader.swift */; };
		D86376091DBB9DD400FC6178 /* SocketTypes.swift in Sources */ = {isa = PBXBuildFile; fileRef = D86375F11DBB9DD400FC6178 /* SocketTypes.swift */; };
		D863760A1DBB9DD400FC6178 /* SSLSecurity.swift in Sources */ = {isa = PBXBuildFile; fileRef = D86375F21DBB9DD400FC6178 /* SSLSecurity.swift */; };
		D863760B1DBB9DD400FC6178 /* WebSocket.swift in Sources */ = {isa = PBXBuildFile; fileRef = D86375F31DBB9DD400FC6178 /* WebSocket.swift */; };
		D88D527C1DBAED8400ED0974 /* AppDelegate.swift in Sources */ = {isa = PBXBuildFile; fileRef = D88D527B1DBAED8400ED0974 /* AppDelegate.swift */; };
		D88D527E1DBAED8400ED0974 /* ViewController.swift in Sources */ = {isa = PBXBuildFile; fileRef = D88D527D1DBAED8400ED0974 /* ViewController.swift */; };
		D88D52811DBAED8400ED0974 /* Main.storyboard in Resources */ = {isa = PBXBuildFile; fileRef = D88D527F1DBAED8400ED0974 /* Main.storyboard */; };
		D88D52831DBAED8400ED0974 /* Assets.xcassets in Resources */ = {isa = PBXBuildFile; fileRef = D88D52821DBAED8400ED0974 /* Assets.xcassets */; };
		D88D52861DBAED8400ED0974 /* LaunchScreen.storyboard in Resources */ = {isa = PBXBuildFile; fileRef = D88D52841DBAED8400ED0974 /* LaunchScreen.storyboard */; };
		D8A270CE1DBB090200BD8DCC /* CognitiveServices.swift in Sources */ = {isa = PBXBuildFile; fileRef = D8A270C31DBB090200BD8DCC /* CognitiveServices.swift */; };
		D8A270CF1DBB090200BD8DCC /* AnalyzeImage.swift in Sources */ = {isa = PBXBuildFile; fileRef = D8A270C51DBB090200BD8DCC /* AnalyzeImage.swift */; };
		D8A270D01DBB090200BD8DCC /* GetThumbnail.swift in Sources */ = {isa = PBXBuildFile; fileRef = D8A270C61DBB090200BD8DCC /* GetThumbnail.swift */; };
		D8A270D11DBB090200BD8DCC /* ListDomainSpecificModels.swift in Sources */ = {isa = PBXBuildFile; fileRef = D8A270C71DBB090200BD8DCC /* ListDomainSpecificModels.swift */; };
		D8A270D21DBB090200BD8DCC /* OCR.swift in Sources */ = {isa = PBXBuildFile; fileRef = D8A270C81DBB090200BD8DCC /* OCR.swift */; };
		D8A270D31DBB090200BD8DCC /* RecognizeDomainSpecificContent.swift in Sources */ = {isa = PBXBuildFile; fileRef = D8A270C91DBB090200BD8DCC /* RecognizeDomainSpecificContent.swift */; };
		D8A270D41DBB090200BD8DCC /* TagImage.swift in Sources */ = {isa = PBXBuildFile; fileRef = D8A270CA1DBB090200BD8DCC /* TagImage.swift */; };
		D8A270D51DBB090200BD8DCC /* JSONNSDataExtension.swift in Sources */ = {isa = PBXBuildFile; fileRef = D8A270CB1DBB090200BD8DCC /* JSONNSDataExtension.swift */; };
		D8A270D61DBB090200BD8DCC /* StringExtension.swift in Sources */ = {isa = PBXBuildFile; fileRef = D8A270CD1DBB090200BD8DCC /* StringExtension.swift */; };
		D8D3AC2B1DBB126700BC2F01 /* smile_people.jpg in Resources */ = {isa = PBXBuildFile; fileRef = D8D3AC2A1DBB126700BC2F01 /* smile_people.jpg */; };
		D8D3AC2D1DBB1B7300BC2F01 /* FEAR.jpg in Resources */ = {isa = PBXBuildFile; fileRef = D8D3AC2C1DBB1B7300BC2F01 /* FEAR.jpg */; };
		D8D3AC2F1DBB1BEB00BC2F01 /* fear_6.jpg in Resources */ = {isa = PBXBuildFile; fileRef = D8D3AC2E1DBB1BEB00BC2F01 /* fear_6.jpg */; };
/* End PBXBuildFile section */

/* Begin PBXFileReference section */
		581E10EBEFAFD14C3B583A20 /* Pods_Deep_Sense.framework */ = {isa = PBXFileReference; explicitFileType = wrapper.framework; includeInIndex = 0; path = Pods_Deep_Sense.framework; sourceTree = BUILT_PRODUCTS_DIR; };
		7E0E2FBFF9E4B5D69B680EFD /* Pods-Deep Sense.release.xcconfig */ = {isa = PBXFileReference; includeInIndex = 1; lastKnownFileType = text.xcconfig; name = "Pods-Deep Sense.release.xcconfig"; path = "Pods/Target Support Files/Pods-Deep Sense/Pods-Deep Sense.release.xcconfig"; sourceTree = "<group>"; };
		D852547F1DBB5D3300E2684D /* john.mid */ = {isa = PBXFileReference; lastKnownFileType = audio.midi; path = john.mid; sourceTree = "<group>"; };
		D85254821DBB628500E2684D /* fury.dls */ = {isa = PBXFileReference; lastKnownFileType = file; path = fury.dls; sourceTree = "<group>"; };
		D85254831DBB639D00E2684D /* gs_instruments.dls */ = {isa = PBXFileReference; lastKnownFileType = file; path = gs_instruments.dls; sourceTree = "<group>"; };
		D86375DC1DBB9DD400FC6178 /* SocketAckEmitter.swift */ = {isa = PBXFileReference; fileEncoding = 4; lastKnownFileType = sourcecode.swift; path = SocketAckEmitter.swift; sourceTree = "<group>"; };
		D86375DD1DBB9DD400FC6178 /* SocketAckManager.swift */ = {isa = PBXFileReference; fileEncoding = 4; lastKnownFileType = sourcecode.swift; path = SocketAckManager.swift; sourceTree = "<group>"; };
		D86375DE1DBB9DD400FC6178 /* SocketAnyEvent.swift */ = {isa = PBXFileReference; fileEncoding = 4; lastKnownFileType = sourcecode.swift; path = SocketAnyEvent.swift; sourceTree = "<group>"; };
		D86375DF1DBB9DD400FC6178 /* SocketClientManager.swift */ = {isa = PBXFileReference; fileEncoding = 4; lastKnownFileType = sourcecode.swift; path = SocketClientManager.swift; sourceTree = "<group>"; };
		D86375E01DBB9DD400FC6178 /* SocketEngine.swift */ = {isa = PBXFileReference; fileEncoding = 4; lastKnownFileType = sourcecode.swift; path = SocketEngine.swift; sourceTree = "<group>"; };
		D86375E11DBB9DD400FC6178 /* SocketEngineClient.swift */ = {isa = PBXFileReference; fileEncoding = 4; lastKnownFileType = sourcecode.swift; path = SocketEngineClient.swift; sourceTree = "<group>"; };
		D86375E21DBB9DD400FC6178 /* SocketEnginePacketType.swift */ = {isa = PBXFileReference; fileEncoding = 4; lastKnownFileType = sourcecode.swift; path = SocketEnginePacketType.swift; sourceTree = "<group>"; };
		D86375E31DBB9DD400FC6178 /* SocketEnginePollable.swift */ = {isa = PBXFileReference; fileEncoding = 4; lastKnownFileType = sourcecode.swift; path = SocketEnginePollable.swift; sourceTree = "<group>"; };
		D86375E41DBB9DD400FC6178 /* SocketEngineSpec.swift */ = {isa = PBXFileReference; fileEncoding = 4; lastKnownFileType = sourcecode.swift; path = SocketEngineSpec.swift; sourceTree = "<group>"; };
		D86375E51DBB9DD400FC6178 /* SocketEngineWebsocket.swift */ = {isa = PBXFileReference; fileEncoding = 4; lastKnownFileType = sourcecode.swift; path = SocketEngineWebsocket.swift; sourceTree = "<group>"; };
		D86375E61DBB9DD400FC6178 /* SocketEventHandler.swift */ = {isa = PBXFileReference; fileEncoding = 4; lastKnownFileType = sourcecode.swift; path = SocketEventHandler.swift; sourceTree = "<group>"; };
		D86375E71DBB9DD400FC6178 /* SocketExtensions.swift */ = {isa = PBXFileReference; fileEncoding = 4; lastKnownFileType = sourcecode.swift; path = SocketExtensions.swift; sourceTree = "<group>"; };
		D86375E81DBB9DD400FC6178 /* SocketIOClient.swift */ = {isa = PBXFileReference; fileEncoding = 4; lastKnownFileType = sourcecode.swift; path = SocketIOClient.swift; sourceTree = "<group>"; };
		D86375E91DBB9DD400FC6178 /* SocketIOClientConfiguration.swift */ = {isa = PBXFileReference; fileEncoding = 4; lastKnownFileType = sourcecode.swift; path = SocketIOClientConfiguration.swift; sourceTree = "<group>"; };
		D86375EA1DBB9DD400FC6178 /* SocketIOClientOption.swift */ = {isa = PBXFileReference; fileEncoding = 4; lastKnownFileType = sourcecode.swift; path = SocketIOClientOption.swift; sourceTree = "<group>"; };
		D86375EB1DBB9DD400FC6178 /* SocketIOClientSpec.swift */ = {isa = PBXFileReference; fileEncoding = 4; lastKnownFileType = sourcecode.swift; path = SocketIOClientSpec.swift; sourceTree = "<group>"; };
		D86375EC1DBB9DD400FC6178 /* SocketIOClientStatus.swift */ = {isa = PBXFileReference; fileEncoding = 4; lastKnownFileType = sourcecode.swift; path = SocketIOClientStatus.swift; sourceTree = "<group>"; };
		D86375ED1DBB9DD400FC6178 /* SocketLogger.swift */ = {isa = PBXFileReference; fileEncoding = 4; lastKnownFileType = sourcecode.swift; path = SocketLogger.swift; sourceTree = "<group>"; };
		D86375EE1DBB9DD400FC6178 /* SocketPacket.swift */ = {isa = PBXFileReference; fileEncoding = 4; lastKnownFileType = sourcecode.swift; path = SocketPacket.swift; sourceTree = "<group>"; };
		D86375EF1DBB9DD400FC6178 /* SocketParsable.swift */ = {isa = PBXFileReference; fileEncoding = 4; lastKnownFileType = sourcecode.swift; path = SocketParsable.swift; sourceTree = "<group>"; };
		D86375F01DBB9DD400FC6178 /* SocketStringReader.swift */ = {isa = PBXFileReference; fileEncoding = 4; lastKnownFileType = sourcecode.swift; path = SocketStringReader.swift; sourceTree = "<group>"; };
		D86375F11DBB9DD400FC6178 /* SocketTypes.swift */ = {isa = PBXFileReference; fileEncoding = 4; lastKnownFileType = sourcecode.swift; path = SocketTypes.swift; sourceTree = "<group>"; };
		D86375F21DBB9DD400FC6178 /* SSLSecurity.swift */ = {isa = PBXFileReference; fileEncoding = 4; lastKnownFileType = sourcecode.swift; path = SSLSecurity.swift; sourceTree = "<group>"; };
		D86375F31DBB9DD400FC6178 /* WebSocket.swift */ = {isa = PBXFileReference; fileEncoding = 4; lastKnownFileType = sourcecode.swift; path = WebSocket.swift; sourceTree = "<group>"; };
		D88D52781DBAED8400ED0974 /* Deep Sense.app */ = {isa = PBXFileReference; explicitFileType = wrapper.application; includeInIndex = 0; path = "Deep Sense.app"; sourceTree = BUILT_PRODUCTS_DIR; };
		D88D527B1DBAED8400ED0974 /* AppDelegate.swift */ = {isa = PBXFileReference; lastKnownFileType = sourcecode.swift; path = AppDelegate.swift; sourceTree = "<group>"; };
		D88D527D1DBAED8400ED0974 /* ViewController.swift */ = {isa = PBXFileReference; lastKnownFileType = sourcecode.swift; path = ViewController.swift; sourceTree = "<group>"; };
		D88D52801DBAED8400ED0974 /* Base */ = {isa = PBXFileReference; lastKnownFileType = file.storyboard; name = Base; path = Base.lproj/Main.storyboard; sourceTree = "<group>"; };
		D88D52821DBAED8400ED0974 /* Assets.xcassets */ = {isa = PBXFileReference; lastKnownFileType = folder.assetcatalog; path = Assets.xcassets; sourceTree = "<group>"; };
		D88D52851DBAED8400ED0974 /* Base */ = {isa = PBXFileReference; lastKnownFileType = file.storyboard; name = Base; path = Base.lproj/LaunchScreen.storyboard; sourceTree = "<group>"; };
		D88D52871DBAED8400ED0974 /* Info.plist */ = {isa = PBXFileReference; lastKnownFileType = text.plist.xml; path = Info.plist; sourceTree = "<group>"; };
		D8A270C31DBB090200BD8DCC /* CognitiveServices.swift */ = {isa = PBXFileReference; fileEncoding = 4; lastKnownFileType = sourcecode.swift; path = CognitiveServices.swift; sourceTree = "<group>"; };
		D8A270C51DBB090200BD8DCC /* AnalyzeImage.swift */ = {isa = PBXFileReference; fileEncoding = 4; lastKnownFileType = sourcecode.swift; path = AnalyzeImage.swift; sourceTree = "<group>"; };
		D8A270C61DBB090200BD8DCC /* GetThumbnail.swift */ = {isa = PBXFileReference; fileEncoding = 4; lastKnownFileType = sourcecode.swift; path = GetThumbnail.swift; sourceTree = "<group>"; };
		D8A270C71DBB090200BD8DCC /* ListDomainSpecificModels.swift */ = {isa = PBXFileReference; fileEncoding = 4; lastKnownFileType = sourcecode.swift; path = ListDomainSpecificModels.swift; sourceTree = "<group>"; };
		D8A270C81DBB090200BD8DCC /* OCR.swift */ = {isa = PBXFileReference; fileEncoding = 4; lastKnownFileType = sourcecode.swift; path = OCR.swift; sourceTree = "<group>"; };
		D8A270C91DBB090200BD8DCC /* RecognizeDomainSpecificContent.swift */ = {isa = PBXFileReference; fileEncoding = 4; lastKnownFileType = sourcecode.swift; path = RecognizeDomainSpecificContent.swift; sourceTree = "<group>"; };
		D8A270CA1DBB090200BD8DCC /* TagImage.swift */ = {isa = PBXFileReference; fileEncoding = 4; lastKnownFileType = sourcecode.swift; path = TagImage.swift; sourceTree = "<group>"; };
		D8A270CB1DBB090200BD8DCC /* JSONNSDataExtension.swift */ = {isa = PBXFileReference; fileEncoding = 4; lastKnownFileType = sourcecode.swift; path = JSONNSDataExtension.swift; sourceTree = "<group>"; };
		D8A270CD1DBB090200BD8DCC /* StringExtension.swift */ = {isa = PBXFileReference; fileEncoding = 4; lastKnownFileType = sourcecode.swift; path = StringExtension.swift; sourceTree = "<group>"; };
		D8D3AC2A1DBB126700BC2F01 /* smile_people.jpg */ = {isa = PBXFileReference; lastKnownFileType = image.jpeg; path = smile_people.jpg; sourceTree = "<group>"; };
		D8D3AC2C1DBB1B7300BC2F01 /* FEAR.jpg */ = {isa = PBXFileReference; lastKnownFileType = image.jpeg; path = FEAR.jpg; sourceTree = "<group>"; };
		D8D3AC2E1DBB1BEB00BC2F01 /* fear_6.jpg */ = {isa = PBXFileReference; lastKnownFileType = image.jpeg; path = fear_6.jpg; sourceTree = "<group>"; };
		E341583F94B11837A5489D08 /* Pods-Deep Sense.debug.xcconfig */ = {isa = PBXFileReference; includeInIndex = 1; lastKnownFileType = text.xcconfig; name = "Pods-Deep Sense.debug.xcconfig"; path = "Pods/Target Support Files/Pods-Deep Sense/Pods-Deep Sense.debug.xcconfig"; sourceTree = "<group>"; };
/* End PBXFileReference section */

/* Begin PBXFrameworksBuildPhase section */
		D88D52751DBAED8400ED0974 /* Frameworks */ = {
			isa = PBXFrameworksBuildPhase;
			buildActionMask = 2147483647;
			files = (
				5B63E8BD7475E9B283621B17 /* Pods_Deep_Sense.framework in Frameworks */,
			);
			runOnlyForDeploymentPostprocessing = 0;
		};
/* End PBXFrameworksBuildPhase section */

/* Begin PBXGroup section */
		D86375DB1DBB9DD400FC6178 /* Source */ = {
			isa = PBXGroup;
			children = (
				D86375DC1DBB9DD400FC6178 /* SocketAckEmitter.swift */,
				D86375DD1DBB9DD400FC6178 /* SocketAckManager.swift */,
				D86375DE1DBB9DD400FC6178 /* SocketAnyEvent.swift */,
				D86375DF1DBB9DD400FC6178 /* SocketClientManager.swift */,
				D86375E01DBB9DD400FC6178 /* SocketEngine.swift */,
				D86375E11DBB9DD400FC6178 /* SocketEngineClient.swift */,
				D86375E21DBB9DD400FC6178 /* SocketEnginePacketType.swift */,
				D86375E31DBB9DD400FC6178 /* SocketEnginePollable.swift */,
				D86375E41DBB9DD400FC6178 /* SocketEngineSpec.swift */,
				D86375E51DBB9DD400FC6178 /* SocketEngineWebsocket.swift */,
				D86375E61DBB9DD400FC6178 /* SocketEventHandler.swift */,
				D86375E71DBB9DD400FC6178 /* SocketExtensions.swift */,
				D86375E81DBB9DD400FC6178 /* SocketIOClient.swift */,
				D86375E91DBB9DD400FC6178 /* SocketIOClientConfiguration.swift */,
				D86375EA1DBB9DD400FC6178 /* SocketIOClientOption.swift */,
				D86375EB1DBB9DD400FC6178 /* SocketIOClientSpec.swift */,
				D86375EC1DBB9DD400FC6178 /* SocketIOClientStatus.swift */,
				D86375ED1DBB9DD400FC6178 /* SocketLogger.swift */,
				D86375EE1DBB9DD400FC6178 /* SocketPacket.swift */,
				D86375EF1DBB9DD400FC6178 /* SocketParsable.swift */,
				D86375F01DBB9DD400FC6178 /* SocketStringReader.swift */,
				D86375F11DBB9DD400FC6178 /* SocketTypes.swift */,
				D86375F21DBB9DD400FC6178 /* SSLSecurity.swift */,
				D86375F31DBB9DD400FC6178 /* WebSocket.swift */,
			);
			name = Source;
			path = SDK/Source;
			sourceTree = "<group>";
		};
		D88D526F1DBAED8400ED0974 = {
			isa = PBXGroup;
			children = (
				D88D527A1DBAED8400ED0974 /* Deep Sense */,
				D88D52791DBAED8400ED0974 /* Products */,
				DD5D36846CD9DDB7A0B2C4D5 /* Pods */,
				E091FD2F3A8DF875C99A15F6 /* Frameworks */,
			);
			sourceTree = "<group>";
		};
		D88D52791DBAED8400ED0974 /* Products */ = {
			isa = PBXGroup;
			children = (
				D88D52781DBAED8400ED0974 /* Deep Sense.app */,
			);
			name = Products;
			sourceTree = "<group>";
		};
		D88D527A1DBAED8400ED0974 /* Deep Sense */ = {
			isa = PBXGroup;
			children = (
				D852547F1DBB5D3300E2684D /* john.mid */,
				D85254831DBB639D00E2684D /* gs_instruments.dls */,
				D8D3AC2A1DBB126700BC2F01 /* smile_people.jpg */,
				D85254821DBB628500E2684D /* fury.dls */,
				D8D3AC2E1DBB1BEB00BC2F01 /* fear_6.jpg */,
				D8D3AC2C1DBB1B7300BC2F01 /* FEAR.jpg */,
				D86375DB1DBB9DD400FC6178 /* Source */,
				D8A270C11DBB090200BD8DCC /* SDK */,
				D88D527B1DBAED8400ED0974 /* AppDelegate.swift */,
				D88D527D1DBAED8400ED0974 /* ViewController.swift */,
				D88D527F1DBAED8400ED0974 /* Main.storyboard */,
				D88D52821DBAED8400ED0974 /* Assets.xcassets */,
				D88D52841DBAED8400ED0974 /* LaunchScreen.storyboard */,
				D88D52871DBAED8400ED0974 /* Info.plist */,
			);
			path = "Deep Sense";
			sourceTree = "<group>";
		};
		D8A270C11DBB090200BD8DCC /* SDK */ = {
			isa = PBXGroup;
			children = (
				D8A270C21DBB090200BD8DCC /* CognitiveServices */,
				D8A270CC1DBB090200BD8DCC /* Swift Extensions */,
			);
			path = SDK;
			sourceTree = "<group>";
		};
		D8A270C21DBB090200BD8DCC /* CognitiveServices */ = {
			isa = PBXGroup;
			children = (
				D8A270C31DBB090200BD8DCC /* CognitiveServices.swift */,
				D8A270C41DBB090200BD8DCC /* ComputerVision */,
				D8A270CB1DBB090200BD8DCC /* JSONNSDataExtension.swift */,
			);
			path = CognitiveServices;
			sourceTree = "<group>";
		};
		D8A270C41DBB090200BD8DCC /* ComputerVision */ = {
			isa = PBXGroup;
			children = (
				D8A270C51DBB090200BD8DCC /* AnalyzeImage.swift */,
				D8A270C61DBB090200BD8DCC /* GetThumbnail.swift */,
				D8A270C71DBB090200BD8DCC /* ListDomainSpecificModels.swift */,
				D8A270C81DBB090200BD8DCC /* OCR.swift */,
				D8A270C91DBB090200BD8DCC /* RecognizeDomainSpecificContent.swift */,
				D8A270CA1DBB090200BD8DCC /* TagImage.swift */,
			);
			path = ComputerVision;
			sourceTree = "<group>";
		};
		D8A270CC1DBB090200BD8DCC /* Swift Extensions */ = {
			isa = PBXGroup;
			children = (
				D8A270CD1DBB090200BD8DCC /* StringExtension.swift */,
			);
			path = "Swift Extensions";
			sourceTree = "<group>";
		};
		DD5D36846CD9DDB7A0B2C4D5 /* Pods */ = {
			isa = PBXGroup;
			children = (
				E341583F94B11837A5489D08 /* Pods-Deep Sense.debug.xcconfig */,
				7E0E2FBFF9E4B5D69B680EFD /* Pods-Deep Sense.release.xcconfig */,
			);
			name = Pods;
			sourceTree = "<group>";
		};
		E091FD2F3A8DF875C99A15F6 /* Frameworks */ = {
			isa = PBXGroup;
			children = (
				581E10EBEFAFD14C3B583A20 /* Pods_Deep_Sense.framework */,
			);
			name = Frameworks;
			sourceTree = "<group>";
		};
/* End PBXGroup section */

/* Begin PBXNativeTarget section */
		D88D52771DBAED8400ED0974 /* Deep Sense */ = {
			isa = PBXNativeTarget;
			buildConfigurationList = D88D528A1DBAED8400ED0974 /* Build configuration list for PBXNativeTarget "Deep Sense" */;
			buildPhases = (
				C3AEFA104BC1885C7EDDA963 /* [CP] Check Pods Manifest.lock */,
				D88D52741DBAED8400ED0974 /* Sources */,
				D88D52751DBAED8400ED0974 /* Frameworks */,
				D88D52761DBAED8400ED0974 /* Resources */,
				EADB0BDD7719A267C0E00059 /* [CP] Embed Pods Frameworks */,
				C4B94AD32D23219875E30ECB /* [CP] Copy Pods Resources */,
			);
			buildRules = (
			);
			dependencies = (
			);
			name = "Deep Sense";
			productName = "Deep Sense";
			productReference = D88D52781DBAED8400ED0974 /* Deep Sense.app */;
			productType = "com.apple.product-type.application";
		};
/* End PBXNativeTarget section */

/* Begin PBXProject section */
		D88D52701DBAED8400ED0974 /* Project object */ = {
			isa = PBXProject;
			attributes = {
				LastSwiftUpdateCheck = 0800;
				LastUpgradeCheck = 0800;
				ORGANIZATIONNAME = fvergara;
				TargetAttributes = {
					D88D52771DBAED8400ED0974 = {
						CreatedOnToolsVersion = 8.0;
						DevelopmentTeam = DZ2LJDS532;
						ProvisioningStyle = Automatic;
					};
				};
			};
			buildConfigurationList = D88D52731DBAED8400ED0974 /* Build configuration list for PBXProject "Deep Sense" */;
			compatibilityVersion = "Xcode 3.2";
			developmentRegion = English;
			hasScannedForEncodings = 0;
			knownRegions = (
				en,
				Base,
			);
			mainGroup = D88D526F1DBAED8400ED0974;
			productRefGroup = D88D52791DBAED8400ED0974 /* Products */;
			projectDirPath = "";
			projectRoot = "";
			targets = (
				D88D52771DBAED8400ED0974 /* Deep Sense */,
			);
		};
/* End PBXProject section */

/* Begin PBXResourcesBuildPhase section */
		D88D52761DBAED8400ED0974 /* Resources */ = {
			isa = PBXResourcesBuildPhase;
			buildActionMask = 2147483647;
			files = (
				D85254841DBB639D00E2684D /* gs_instruments.dls in Resources */,
				D8D3AC2F1DBB1BEB00BC2F01 /* fear_6.jpg in Resources */,
				D88D52861DBAED8400ED0974 /* LaunchScreen.storyboard in Resources */,
				D8D3AC2B1DBB126700BC2F01 /* smile_people.jpg in Resources */,
				D85254801DBB5D3300E2684D /* john.mid in Resources */,
				D8D3AC2D1DBB1B7300BC2F01 /* FEAR.jpg in Resources */,
				D88D52831DBAED8400ED0974 /* Assets.xcassets in Resources */,
				D88D52811DBAED8400ED0974 /* Main.storyboard in Resources */,
			);
			runOnlyForDeploymentPostprocessing = 0;
		};
/* End PBXResourcesBuildPhase section */

/* Begin PBXShellScriptBuildPhase section */
		C3AEFA104BC1885C7EDDA963 /* [CP] Check Pods Manifest.lock */ = {
			isa = PBXShellScriptBuildPhase;
			buildActionMask = 2147483647;
			files = (
			);
			inputPaths = (
			);
			name = "[CP] Check Pods Manifest.lock";
			outputPaths = (
			);
			runOnlyForDeploymentPostprocessing = 0;
			shellPath = /bin/sh;
			shellScript = "diff \"${PODS_ROOT}/../Podfile.lock\" \"${PODS_ROOT}/Manifest.lock\" > /dev/null\nif [ $? != 0 ] ; then\n    # print error to STDERR\n    echo \"error: The sandbox is not in sync with the Podfile.lock. Run 'pod install' or update your CocoaPods installation.\" >&2\n    exit 1\nfi\n";
			showEnvVarsInLog = 0;
		};
		C4B94AD32D23219875E30ECB /* [CP] Copy Pods Resources */ = {
			isa = PBXShellScriptBuildPhase;
			buildActionMask = 2147483647;
			files = (
			);
			inputPaths = (
			);
			name = "[CP] Copy Pods Resources";
			outputPaths = (
			);
			runOnlyForDeploymentPostprocessing = 0;
			shellPath = /bin/sh;
			shellScript = "\"${SRCROOT}/Pods/Target Support Files/Pods-Deep Sense/Pods-Deep Sense-resources.sh\"\n";
			showEnvVarsInLog = 0;
		};
		EADB0BDD7719A267C0E00059 /* [CP] Embed Pods Frameworks */ = {
			isa = PBXShellScriptBuildPhase;
			buildActionMask = 2147483647;
			files = (
			);
			inputPaths = (
			);
			name = "[CP] Embed Pods Frameworks";
			outputPaths = (
			);
			runOnlyForDeploymentPostprocessing = 0;
			shellPath = /bin/sh;
			shellScript = "\"${SRCROOT}/Pods/Target Support Files/Pods-Deep Sense/Pods-Deep Sense-frameworks.sh\"\n";
			showEnvVarsInLog = 0;
		};
/* End PBXShellScriptBuildPhase section */

/* Begin PBXSourcesBuildPhase section */
		D88D52741DBAED8400ED0974 /* Sources */ = {
			isa = PBXSourcesBuildPhase;
			buildActionMask = 2147483647;
			files = (
				D8A270D21DBB090200BD8DCC /* OCR.swift in Sources */,
				D86375F51DBB9DD400FC6178 /* SocketAckManager.swift in Sources */,
				D8A270CF1DBB090200BD8DCC /* AnalyzeImage.swift in Sources */,
				D86375FC1DBB9DD400FC6178 /* SocketEngineSpec.swift in Sources */,
				D86376031DBB9DD400FC6178 /* SocketIOClientSpec.swift in Sources */,
				D8A270D01DBB090200BD8DCC /* GetThumbnail.swift in Sources */,
				D863760A1DBB9DD400FC6178 /* SSLSecurity.swift in Sources */,
				D86376081DBB9DD400FC6178 /* SocketStringReader.swift in Sources */,
				D86376071DBB9DD400FC6178 /* SocketParsable.swift in Sources */,
				D86375F41DBB9DD400FC6178 /* SocketAckEmitter.swift in Sources */,
				D86376011DBB9DD400FC6178 /* SocketIOClientConfiguration.swift in Sources */,
				D86375FF1DBB9DD400FC6178 /* SocketExtensions.swift in Sources */,
				D86376041DBB9DD400FC6178 /* SocketIOClientStatus.swift in Sources */,
				D86376061DBB9DD400FC6178 /* SocketPacket.swift in Sources */,
				D86376091DBB9DD400FC6178 /* SocketTypes.swift in Sources */,
				D86375F71DBB9DD400FC6178 /* SocketClientManager.swift in Sources */,
				D8A270CE1DBB090200BD8DCC /* CognitiveServices.swift in Sources */,
				D8A270D11DBB090200BD8DCC /* ListDomainSpecificModels.swift in Sources */,
				D86375FD1DBB9DD400FC6178 /* SocketEngineWebsocket.swift in Sources */,
				D88D527E1DBAED8400ED0974 /* ViewController.swift in Sources */,
				D8A270D41DBB090200BD8DCC /* TagImage.swift in Sources */,
				D86375F91DBB9DD400FC6178 /* SocketEngineClient.swift in Sources */,
				D86376051DBB9DD400FC6178 /* SocketLogger.swift in Sources */,
				D86375FB1DBB9DD400FC6178 /* SocketEnginePollable.swift in Sources */,
				D86376001DBB9DD400FC6178 /* SocketIOClient.swift in Sources */,
				D8A270D31DBB090200BD8DCC /* RecognizeDomainSpecificContent.swift in Sources */,
				D86375F61DBB9DD400FC6178 /* SocketAnyEvent.swift in Sources */,
				D86375FE1DBB9DD400FC6178 /* SocketEventHandler.swift in Sources */,
				D86375F81DBB9DD400FC6178 /* SocketEngine.swift in Sources */,
				D8A270D51DBB090200BD8DCC /* JSONNSDataExtension.swift in Sources */,
				D8A270D61DBB090200BD8DCC /* StringExtension.swift in Sources */,
				D86375FA1DBB9DD400FC6178 /* SocketEnginePacketType.swift in Sources */,
				D86376021DBB9DD400FC6178 /* SocketIOClientOption.swift in Sources */,
				D88D527C1DBAED8400ED0974 /* AppDelegate.swift in Sources */,
				D863760B1DBB9DD400FC6178 /* WebSocket.swift in Sources */,
			);
			runOnlyForDeploymentPostprocessing = 0;
		};
/* End PBXSourcesBuildPhase section */

/* Begin PBXVariantGroup section */
		D88D527F1DBAED8400ED0974 /* Main.storyboard */ = {
			isa = PBXVariantGroup;
			children = (
				D88D52801DBAED8400ED0974 /* Base */,
			);
			name = Main.storyboard;
			sourceTree = "<group>";
		};
		D88D52841DBAED8400ED0974 /* LaunchScreen.storyboard */ = {
			isa = PBXVariantGroup;
			children = (
				D88D52851DBAED8400ED0974 /* Base */,
			);
			name = LaunchScreen.storyboard;
			sourceTree = "<group>";
		};
/* End PBXVariantGroup section */

/* Begin XCBuildConfiguration section */
		D88D52881DBAED8400ED0974 /* Debug */ = {
			isa = XCBuildConfiguration;
			buildSettings = {
				ALWAYS_SEARCH_USER_PATHS = NO;
				CLANG_ANALYZER_NONNULL = YES;
				CLANG_CXX_LANGUAGE_STANDARD = "gnu++0x";
				CLANG_CXX_LIBRARY = "libc++";
				CLANG_ENABLE_MODULES = YES;
				CLANG_ENABLE_OBJC_ARC = YES;
				CLANG_WARN_BOOL_CONVERSION = YES;
				CLANG_WARN_CONSTANT_CONVERSION = YES;
				CLANG_WARN_DIRECT_OBJC_ISA_USAGE = YES_ERROR;
				CLANG_WARN_DOCUMENTATION_COMMENTS = YES;
				CLANG_WARN_EMPTY_BODY = YES;
				CLANG_WARN_ENUM_CONVERSION = YES;
				CLANG_WARN_INFINITE_RECURSION = YES;
				CLANG_WARN_INT_CONVERSION = YES;
				CLANG_WARN_OBJC_ROOT_CLASS = YES_ERROR;
				CLANG_WARN_SUSPICIOUS_MOVES = YES;
				CLANG_WARN_UNREACHABLE_CODE = YES;
				CLANG_WARN__DUPLICATE_METHOD_MATCH = YES;
				"CODE_SIGN_IDENTITY[sdk=iphoneos*]" = "iPhone Developer";
				COPY_PHASE_STRIP = NO;
				DEBUG_INFORMATION_FORMAT = dwarf;
				ENABLE_STRICT_OBJC_MSGSEND = YES;
				ENABLE_TESTABILITY = YES;
				GCC_C_LANGUAGE_STANDARD = gnu99;
				GCC_DYNAMIC_NO_PIC = NO;
				GCC_NO_COMMON_BLOCKS = YES;
				GCC_OPTIMIZATION_LEVEL = 0;
				GCC_PREPROCESSOR_DEFINITIONS = (
					"DEBUG=1",
					"$(inherited)",
				);
				GCC_WARN_64_TO_32_BIT_CONVERSION = YES;
				GCC_WARN_ABOUT_RETURN_TYPE = YES_ERROR;
				GCC_WARN_UNDECLARED_SELECTOR = YES;
				GCC_WARN_UNINITIALIZED_AUTOS = YES_AGGRESSIVE;
				GCC_WARN_UNUSED_FUNCTION = YES;
				GCC_WARN_UNUSED_VARIABLE = YES;
				IPHONEOS_DEPLOYMENT_TARGET = 10.0;
				MTL_ENABLE_DEBUG_INFO = YES;
				ONLY_ACTIVE_ARCH = YES;
				SDKROOT = iphoneos;
				SWIFT_ACTIVE_COMPILATION_CONDITIONS = DEBUG;
				SWIFT_OPTIMIZATION_LEVEL = "-Onone";
			};
			name = Debug;
		};
		D88D52891DBAED8400ED0974 /* Release */ = {
			isa = XCBuildConfiguration;
			buildSettings = {
				ALWAYS_SEARCH_USER_PATHS = NO;
				CLANG_ANALYZER_NONNULL = YES;
				CLANG_CXX_LANGUAGE_STANDARD = "gnu++0x";
				CLANG_CXX_LIBRARY = "libc++";
				CLANG_ENABLE_MODULES = YES;
				CLANG_ENABLE_OBJC_ARC = YES;
				CLANG_WARN_BOOL_CONVERSION = YES;
				CLANG_WARN_CONSTANT_CONVERSION = YES;
				CLANG_WARN_DIRECT_OBJC_ISA_USAGE = YES_ERROR;
				CLANG_WARN_DOCUMENTATION_COMMENTS = YES;
				CLANG_WARN_EMPTY_BODY = YES;
				CLANG_WARN_ENUM_CONVERSION = YES;
				CLANG_WARN_INFINITE_RECURSION = YES;
				CLANG_WARN_INT_CONVERSION = YES;
				CLANG_WARN_OBJC_ROOT_CLASS = YES_ERROR;
				CLANG_WARN_SUSPICIOUS_MOVES = YES;
				CLANG_WARN_UNREACHABLE_CODE = YES;
				CLANG_WARN__DUPLICATE_METHOD_MATCH = YES;
				"CODE_SIGN_IDENTITY[sdk=iphoneos*]" = "iPhone Developer";
				COPY_PHASE_STRIP = NO;
				DEBUG_INFORMATION_FORMAT = "dwarf-with-dsym";
				ENABLE_NS_ASSERTIONS = NO;
				ENABLE_STRICT_OBJC_MSGSEND = YES;
				GCC_C_LANGUAGE_STANDARD = gnu99;
				GCC_NO_COMMON_BLOCKS = YES;
				GCC_WARN_64_TO_32_BIT_CONVERSION = YES;
				GCC_WARN_ABOUT_RETURN_TYPE = YES_ERROR;
				GCC_WARN_UNDECLARED_SELECTOR = YES;
				GCC_WARN_UNINITIALIZED_AUTOS = YES_AGGRESSIVE;
				GCC_WARN_UNUSED_FUNCTION = YES;
				GCC_WARN_UNUSED_VARIABLE = YES;
				IPHONEOS_DEPLOYMENT_TARGET = 10.0;
				MTL_ENABLE_DEBUG_INFO = NO;
				SDKROOT = iphoneos;
				SWIFT_OPTIMIZATION_LEVEL = "-Owholemodule";
				VALIDATE_PRODUCT = YES;
			};
			name = Release;
		};
		D88D528B1DBAED8400ED0974 /* Debug */ = {
			isa = XCBuildConfiguration;
			baseConfigurationReference = E341583F94B11837A5489D08 /* Pods-Deep Sense.debug.xcconfig */;
			buildSettings = {
				ASSETCATALOG_COMPILER_APPICON_NAME = AppIcon;
				"CODE_SIGN_IDENTITY[sdk=iphoneos*]" = "iPhone Developer";
				DEVELOPMENT_TEAM = DZ2LJDS532;
				INFOPLIST_FILE = "Deep Sense/Info.plist";
				IPHONEOS_DEPLOYMENT_TARGET = 9.1;
				LD_RUNPATH_SEARCH_PATHS = "$(inherited) @executable_path/Frameworks";
				PRODUCT_BUNDLE_IDENTIFIER = "com.fvergara.Deep-Sense";
				PRODUCT_NAME = "$(TARGET_NAME)";
				SWIFT_VERSION = 3.0;
			};
			name = Debug;
		};
		D88D528C1DBAED8400ED0974 /* Release */ = {
			isa = XCBuildConfiguration;
			baseConfigurationReference = 7E0E2FBFF9E4B5D69B680EFD /* Pods-Deep Sense.release.xcconfig */;
			buildSettings = {
				ASSETCATALOG_COMPILER_APPICON_NAME = AppIcon;
				"CODE_SIGN_IDENTITY[sdk=iphoneos*]" = "iPhone Developer";
				DEVELOPMENT_TEAM = DZ2LJDS532;
				INFOPLIST_FILE = "Deep Sense/Info.plist";
				IPHONEOS_DEPLOYMENT_TARGET = 9.1;
				LD_RUNPATH_SEARCH_PATHS = "$(inherited) @executable_path/Frameworks";
				PRODUCT_BUNDLE_IDENTIFIER = "com.fvergara.Deep-Sense";
				PRODUCT_NAME = "$(TARGET_NAME)";
				SWIFT_VERSION = 3.0;
			};
			name = Release;
		};
/* End XCBuildConfiguration section */

/* Begin XCConfigurationList section */
		D88D52731DBAED8400ED0974 /* Build configuration list for PBXProject "Deep Sense" */ = {
			isa = XCConfigurationList;
			buildConfigurations = (
				D88D52881DBAED8400ED0974 /* Debug */,
				D88D52891DBAED8400ED0974 /* Release */,
			);
			defaultConfigurationIsVisible = 0;
			defaultConfigurationName = Release;
		};
		D88D528A1DBAED8400ED0974 /* Build configuration list for PBXNativeTarget "Deep Sense" */ = {
			isa = XCConfigurationList;
			buildConfigurations = (
				D88D528B1DBAED8400ED0974 /* Debug */,
				D88D528C1DBAED8400ED0974 /* Release */,
			);
			defaultConfigurationIsVisible = 0;
			defaultConfigurationName = Release;
		};
/* End XCConfigurationList section */
	};
	rootObject = D88D52701DBAED8400ED0974 /* Project object */;
}
